
Microsoft Visual Studio Solution File, Format Version 12.00
# Visual Studio Version 17
VisualStudioVersion = 17.3.32825.248
MinimumVisualStudioVersion = 10.0.40219.1
Project("{FAE04EC0-301F-11D3-BF4B-00C04F79EFBC}") = "groupwork", "groupwork\groupwork.csproj", "{AE4BF4EC-9691-4539-8E00-D9556FF2995E}"
EndProject
Global
	GlobalSection(SolutionConfigurationPlatforms) = preSolution
		Debug|Any CPU = Debug|Any CPU
		Release|Any CPU = Release|Any CPU
	EndGlobalSection
	GlobalSection(ProjectConfigurationPlatforms) = postSolution
		{AE4BF4EC-9691-4539-8E00-D9556FF2995E}.Debug|Any CPU.ActiveCfg = Debug|Any CPU
		{AE4BF4EC-9691-4539-8E00-D9556FF2995E}.Debug|Any CPU.Build.0 = Debug|Any CPU
		{AE4BF4EC-9691-4539-8E00-D9556FF2995E}.Release|Any CPU.ActiveCfg = Release|Any CPU
		{AE4BF4EC-9691-4539-8E00-D9556FF2995E}.Release|Any CPU.Build.0 = Release|Any CPU
	EndGlobalSection
	GlobalSection(SolutionProperties) = preSolution
		HideSolutionNode = FALSE
	EndGlobalSection
	GlobalSection(ExtensibilityGlobals) = postSolution
		SolutionGuid = {A7D027FA-1D36-42D6-9408-E9F0FFA88190}
	EndGlobalSection
EndGlobal
